
Microsoft Visual Studio Solution File, Format Version 12.00
# Visual Studio 15
VisualStudioVersion = 15.0.28307.852
MinimumVisualStudioVersion = 10.0.40219.1
Project("{FAE04EC0-301F-11D3-BF4B-00C04F79EFBC}") = "Payroll_GA", "Payroll_GA\Payroll_GA.csproj", "{5FF3F3D5-6C3A-4BBB-92EA-075AEFA8DDA5}"
EndProject
Global
	GlobalSection(SolutionConfigurationPlatforms) = preSolution
		Debug|Any CPU = Debug|Any CPU
		Release|Any CPU = Release|Any CPU
	EndGlobalSection
	GlobalSection(ProjectConfigurationPlatforms) = postSolution
		{5FF3F3D5-6C3A-4BBB-92EA-075AEFA8DDA5}.Debug|Any CPU.ActiveCfg = Debug|Any CPU
		{5FF3F3D5-6C3A-4BBB-92EA-075AEFA8DDA5}.Debug|Any CPU.Build.0 = Debug|Any CPU
		{5FF3F3D5-6C3A-4BBB-92EA-075AEFA8DDA5}.Release|Any CPU.ActiveCfg = Release|Any CPU
		{5FF3F3D5-6C3A-4BBB-92EA-075AEFA8DDA5}.Release|Any CPU.Build.0 = Release|Any CPU
	EndGlobalSection
	GlobalSection(SolutionProperties) = preSolution
		HideSolutionNode = FALSE
	EndGlobalSection
	GlobalSection(ExtensibilityGlobals) = postSolution
		SolutionGuid = {AE2D101E-15BD-4E56-8267-3FF073795A9F}
	EndGlobalSection
EndGlobal
